
Microsoft Visual Studio Solution File, Format Version 12.00
# Visual Studio Version 17
VisualStudioVersion = 17.7.34024.191
MinimumVisualStudioVersion = 10.0.40219.1
Project("{9A19103F-16F7-4668-BE54-9A1E7A4F7556}") = "LibraryCollectionWebApplication", "LibraryCollectionWebApplication.csproj", "{FEEC059C-0000-40BA-89C1-63DE167FE928}"
EndProject
Project("{FAE04EC0-301F-11D3-BF4B-00C04F79EFBC}") = "Librar-E_API", "..\Librar-E_API\Librar-E_API.csproj", "{C6751C7D-1ED8-4868-A25F-6791EB81F7FF}"
EndProject
Global
	GlobalSection(SolutionConfigurationPlatforms) = preSolution
		Debug|Any CPU = Debug|Any CPU
		Release|Any CPU = Release|Any CPU
	EndGlobalSection
	GlobalSection(ProjectConfigurationPlatforms) = postSolution
		{FEEC059C-0000-40BA-89C1-63DE167FE928}.Debug|Any CPU.ActiveCfg = Debug|Any CPU
		{FEEC059C-0000-40BA-89C1-63DE167FE928}.Debug|Any CPU.Build.0 = Debug|Any CPU
		{FEEC059C-0000-40BA-89C1-63DE167FE928}.Release|Any CPU.ActiveCfg = Release|Any CPU
		{FEEC059C-0000-40BA-89C1-63DE167FE928}.Release|Any CPU.Build.0 = Release|Any CPU
		{C6751C7D-1ED8-4868-A25F-6791EB81F7FF}.Debug|Any CPU.ActiveCfg = Debug|Any CPU
		{C6751C7D-1ED8-4868-A25F-6791EB81F7FF}.Debug|Any CPU.Build.0 = Debug|Any CPU
		{C6751C7D-1ED8-4868-A25F-6791EB81F7FF}.Release|Any CPU.ActiveCfg = Release|Any CPU
		{C6751C7D-1ED8-4868-A25F-6791EB81F7FF}.Release|Any CPU.Build.0 = Release|Any CPU
	EndGlobalSection
	GlobalSection(SolutionProperties) = preSolution
		HideSolutionNode = FALSE
	EndGlobalSection
	GlobalSection(ExtensibilityGlobals) = postSolution
		SolutionGuid = {DE791B80-F2EB-4D50-9B6E-BC61873746A3}
	EndGlobalSection
EndGlobal
